// !$*UTF8*$!
{
	archiveVersion = 1;
	classes = {
	};
	objectVersion = 50;
	objects = {

/* Begin PBXBuildFile section */
		CB33EE0725ADD4B800547A46 /* AhmedCardApp.swift in Sources */ = {isa = PBXBuildFile; fileRef = CB33EE0625ADD4B800547A46 /* AhmedCardApp.swift */; };
		CB33EE0925ADD4B800547A46 /* ContentView.swift in Sources */ = {isa = PBXBuildFile; fileRef = CB33EE0825ADD4B800547A46 /* ContentView.swift */; };
		CB33EE0B25ADD4BA00547A46 /* Assets.xcassets in Resources */ = {isa = PBXBuildFile; fileRef = CB33EE0A25ADD4BA00547A46 /* Assets.xcassets */; };
		CB33EE0E25ADD4BA00547A46 /* Preview Assets.xcassets in Resources */ = {isa = PBXBuildFile; fileRef = CB33EE0D25ADD4BA00547A46 /* Preview Assets.xcassets */; };
		CB33EE2E25ADDE2E00547A46 /* Cookie-Regular.ttf in Resources */ = {isa = PBXBuildFile; fileRef = CB33EE2D25ADDE2E00547A46 /* Cookie-Regular.ttf */; };
		CB33EE3125ADFBF600547A46 /* InfoView.swift in Sources */ = {isa = PBXBuildFile; fileRef = CB33EE3025ADFBF600547A46 /* InfoView.swift */; };
		CB33EE3625ADFE9600547A46 /* Constants.swift in Sources */ = {isa = PBXBuildFile; fileRef = CB33EE3525ADFE9600547A46 /* Constants.swift */; };
		CB33EE3C25AE088A00547A46 /* app-screenshot.png in Resources */ = {isa = PBXBuildFile; fileRef = CB33EE3B25AE088A00547A46 /* app-screenshot.png */; };
/* End PBXBuildFile section */

/* Begin PBXFileReference section */
		CB33EE0325ADD4B800547A46 /* Ahmed'sCard-iOS.app */ = {isa = PBXFileReference; explicitFileType = wrapper.application; includeInIndex = 0; path = "Ahmed'sCard-iOS.app"; sourceTree = BUILT_PRODUCTS_DIR; };
		CB33EE0625ADD4B800547A46 /* AhmedCardApp.swift */ = {isa = PBXFileReference; lastKnownFileType = sourcecode.swift; path = AhmedCardApp.swift; sourceTree = "<group>"; };
		CB33EE0825ADD4B800547A46 /* ContentView.swift */ = {isa = PBXFileReference; lastKnownFileType = sourcecode.swift; path = ContentView.swift; sourceTree = "<group>"; };
		CB33EE0A25ADD4BA00547A46 /* Assets.xcassets */ = {isa = PBXFileReference; lastKnownFileType = folder.assetcatalog; path = Assets.xcassets; sourceTree = "<group>"; };
		CB33EE0D25ADD4BA00547A46 /* Preview Assets.xcassets */ = {isa = PBXFileReference; lastKnownFileType = folder.assetcatalog; path = "Preview Assets.xcassets"; sourceTree = "<group>"; };
		CB33EE0F25ADD4BA00547A46 /* Info.plist */ = {isa = PBXFileReference; lastKnownFileType = text.plist.xml; path = Info.plist; sourceTree = "<group>"; };
		CB33EE2D25ADDE2E00547A46 /* Cookie-Regular.ttf */ = {isa = PBXFileReference; lastKnownFileType = file; path = "Cookie-Regular.ttf"; sourceTree = "<group>"; };
		CB33EE3025ADFBF600547A46 /* InfoView.swift */ = {isa = PBXFileReference; lastKnownFileType = sourcecode.swift; path = InfoView.swift; sourceTree = "<group>"; };
		CB33EE3525ADFE9600547A46 /* Constants.swift */ = {isa = PBXFileReference; lastKnownFileType = sourcecode.swift; path = Constants.swift; sourceTree = "<group>"; };
		CB33EE3B25AE088A00547A46 /* app-screenshot.png */ = {isa = PBXFileReference; lastKnownFileType = image.png; path = "app-screenshot.png"; sourceTree = "<group>"; };
/* End PBXFileReference section */

/* Begin PBXFrameworksBuildPhase section */
		CB33EE0025ADD4B800547A46 /* Frameworks */ = {
			isa = PBXFrameworksBuildPhase;
			buildActionMask = 2147483647;
			files = (
			);
			runOnlyForDeploymentPostprocessing = 0;
		};
/* End PBXFrameworksBuildPhase section */

/* Begin PBXGroup section */
		CB33EDFA25ADD4B800547A46 = {
			isa = PBXGroup;
			children = (
				CB33EE0525ADD4B800547A46 /* AhmedCard */,
				CB33EE0425ADD4B800547A46 /* Products */,
			);
			sourceTree = "<group>";
		};
		CB33EE0425ADD4B800547A46 /* Products */ = {
			isa = PBXGroup;
			children = (
				CB33EE0325ADD4B800547A46 /* Ahmed'sCard-iOS.app */,
			);
			name = Products;
			sourceTree = "<group>";
		};
		CB33EE0525ADD4B800547A46 /* AhmedCard */ = {
			isa = PBXGroup;
			children = (
				CB33EE3B25AE088A00547A46 /* app-screenshot.png */,
				CB33EE2825ADDD2600547A46 /* Fonts */,
				CB33EE0625ADD4B800547A46 /* AhmedCardApp.swift */,
				CB33EE0825ADD4B800547A46 /* ContentView.swift */,
				CB33EE3025ADFBF600547A46 /* InfoView.swift */,
				CB33EE0A25ADD4BA00547A46 /* Assets.xcassets */,
				CB33EE0F25ADD4BA00547A46 /* Info.plist */,
				CB33EE0C25ADD4BA00547A46 /* Preview Content */,
				CB33EE3525ADFE9600547A46 /* Constants.swift */,
			);
			path = AhmedCard;
			sourceTree = "<group>";
		};
		CB33EE0C25ADD4BA00547A46 /* Preview Content */ = {
			isa = PBXGroup;
			children = (
				CB33EE0D25ADD4BA00547A46 /* Preview Assets.xcassets */,
			);
			path = "Preview Content";
			sourceTree = "<group>";
		};
		CB33EE2825ADDD2600547A46 /* Fonts */ = {
			isa = PBXGroup;
			children = (
				CB33EE2D25ADDE2E00547A46 /* Cookie-Regular.ttf */,
			);
			path = Fonts;
			sourceTree = "<group>";
		};
/* End PBXGroup section */

/* Begin PBXNativeTarget section */
		CB33EE0225ADD4B800547A46 /* Ahmed'sCard-iOS */ = {
			isa = PBXNativeTarget;
			buildConfigurationList = CB33EE1225ADD4BA00547A46 /* Build configuration list for PBXNativeTarget "Ahmed'sCard-iOS" */;
			buildPhases = (
				CB33EDFF25ADD4B800547A46 /* Sources */,
				CB33EE0025ADD4B800547A46 /* Frameworks */,
				CB33EE0125ADD4B800547A46 /* Resources */,
			);
			buildRules = (
			);
			dependencies = (
			);
			name = "Ahmed'sCard-iOS";
			productName = AhmedCard;
			productReference = CB33EE0325ADD4B800547A46 /* Ahmed'sCard-iOS.app */;
			productType = "com.apple.product-type.application";
		};
/* End PBXNativeTarget section */

/* Begin PBXProject section */
		CB33EDFB25ADD4B800547A46 /* Project object */ = {
			isa = PBXProject;
			attributes = {
				LastSwiftUpdateCheck = 1220;
				LastUpgradeCheck = 1220;
				TargetAttributes = {
					CB33EE0225ADD4B800547A46 = {
						CreatedOnToolsVersion = 12.2;
					};
				};
			};
			buildConfigurationList = CB33EDFE25ADD4B800547A46 /* Build configuration list for PBXProject "Ahmed'sCard-iOS" */;
			compatibilityVersion = "Xcode 9.3";
			developmentRegion = en;
			hasScannedForEncodings = 0;
			knownRegions = (
				en,
				Base,
			);
			mainGroup = CB33EDFA25ADD4B800547A46;
			productRefGroup = CB33EE0425ADD4B800547A46 /* Products */;
			projectDirPath = "";
			projectRoot = "";
			targets = (
				CB33EE0225ADD4B800547A46 /* Ahmed'sCard-iOS */,
			);
		};
/* End PBXProject section */

/* Begin PBXResourcesBuildPhase section */
		CB33EE0125ADD4B800547A46 /* Resources */ = {
			isa = PBXResourcesBuildPhase;
			buildActionMask = 2147483647;
			files = (
				CB33EE0E25ADD4BA00547A46 /* Preview Assets.xcassets in Resources */,
				CB33EE3C25AE088A00547A46 /* app-screenshot.png in Resources */,
				CB33EE0B25ADD4BA00547A46 /* Assets.xcassets in Resources */,
				CB33EE2E25ADDE2E00547A46 /* Cookie-Regular.ttf in Resources */,
			);
			runOnlyForDeploymentPostprocessing = 0;
		};
/* End PBXResourcesBuildPhase section */

/* Begin PBXSourcesBuildPhase section */
		CB33EDFF25ADD4B800547A46 /* Sources */ = {
			isa = PBXSourcesBuildPhase;
			buildActionMask = 2147483647;
			files = (
				CB33EE0925ADD4B800547A46 /* ContentView.swift in Sources */,
				CB33EE3125ADFBF600547A46 /* InfoView.swift in Sources */,
				CB33EE0725ADD4B800547A46 /* AhmedCardApp.swift in Sources */,
				CB33EE3625ADFE9600547A46 /* Constants.swift in Sources */,
			);
			runOnlyForDeploymentPostprocessing = 0;
		};
/* End PBXSourcesBuildPhase section */

/* Begin XCBuildConfiguration section */
		CB33EE1025ADD4BA00547A46 /* Debug */ = {
			isa = XCBuildConfiguration;
			buildSettings = {
				ALWAYS_SEARCH_USER_PATHS = NO;
				CLANG_ANALYZER_NONNULL = YES;
				CLANG_ANALYZER_NUMBER_OBJECT_CONVERSION = YES_AGGRESSIVE;
				CLANG_CXX_LANGUAGE_STANDARD = "gnu++14";
				CLANG_CXX_LIBRARY = "libc++";
				CLANG_ENABLE_MODULES = YES;
				CLANG_ENABLE_OBJC_ARC = YES;
				CLANG_ENABLE_OBJC_WEAK = YES;
				CLANG_WARN_BLOCK_CAPTURE_AUTORELEASING = YES;
				CLANG_WARN_BOOL_CONVERSION = YES;
				CLANG_WARN_COMMA = YES;
				CLANG_WARN_CONSTANT_CONVERSION = YES;
				CLANG_WARN_DEPRECATED_OBJC_IMPLEMENTATIONS = YES;
				CLANG_WARN_DIRECT_OBJC_ISA_USAGE = YES_ERROR;
				CLANG_WARN_DOCUMENTATION_COMMENTS = YES;
				CLANG_WARN_EMPTY_BODY = YES;
				CLANG_WARN_ENUM_CONVERSION = YES;
				CLANG_WARN_INFINITE_RECURSION = YES;
				CLANG_WARN_INT_CONVERSION = YES;
				CLANG_WARN_NON_LITERAL_NULL_CONVERSION = YES;
				CLANG_WARN_OBJC_IMPLICIT_RETAIN_SELF = YES;
				CLANG_WARN_OBJC_LITERAL_CONVERSION = YES;
				CLANG_WARN_OBJC_ROOT_CLASS = YES_ERROR;
				CLANG_WARN_QUOTED_INCLUDE_IN_FRAMEWORK_HEADER = YES;
				CLANG_WARN_RANGE_LOOP_ANALYSIS = YES;
				CLANG_WARN_STRICT_PROTOTYPES = YES;
				CLANG_WARN_SUSPICIOUS_MOVE = YES;
				CLANG_WARN_UNGUARDED_AVAILABILITY = YES_AGGRESSIVE;
				CLANG_WARN_UNREACHABLE_CODE = YES;
				CLANG_WARN__DUPLICATE_METHOD_MATCH = YES;
				COPY_PHASE_STRIP = NO;
				DEBUG_INFORMATION_FORMAT = dwarf;
				ENABLE_STRICT_OBJC_MSGSEND = YES;
				ENABLE_TESTABILITY = YES;
				GCC_C_LANGUAGE_STANDARD = gnu11;
				GCC_DYNAMIC_NO_PIC = NO;
				GCC_NO_COMMON_BLOCKS = YES;
				GCC_OPTIMIZATION_LEVEL = 0;
				GCC_PREPROCESSOR_DEFINITIONS = (
					"DEBUG=1",
					"$(inherited)",
				);
				GCC_WARN_64_TO_32_BIT_CONVERSION = YES;
				GCC_WARN_ABOUT_RETURN_TYPE = YES_ERROR;
				GCC_WARN_UNDECLARED_SELECTOR = YES;
				GCC_WARN_UNINITIALIZED_AUTOS = YES_AGGRESSIVE;
				GCC_WARN_UNUSED_FUNCTION = YES;
				GCC_WARN_UNUSED_VARIABLE = YES;
				IPHONEOS_DEPLOYMENT_TARGET = 14.2;
				MTL_ENABLE_DEBUG_INFO = INCLUDE_SOURCE;
				MTL_FAST_MATH = YES;
				ONLY_ACTIVE_ARCH = YES;
				SDKROOT = iphoneos;
				SWIFT_ACTIVE_COMPILATION_CONDITIONS = DEBUG;
				SWIFT_OPTIMIZATION_LEVEL = "-Onone";
			};
			name = Debug;
		};
		CB33EE1125ADD4BA00547A46 /* Release */ = {
			isa = XCBuildConfiguration;
			buildSettings = {
				ALWAYS_SEARCH_USER_PATHS = NO;
				CLANG_ANALYZER_NONNULL = YES;
				CLANG_ANALYZER_NUMBER_OBJECT_CONVERSION = YES_AGGRESSIVE;
				CLANG_CXX_LANGUAGE_STANDARD = "gnu++14";
				CLANG_CXX_LIBRARY = "libc++";
				CLANG_ENABLE_MODULES = YES;
				CLANG_ENABLE_OBJC_ARC = YES;
				CLANG_ENABLE_OBJC_WEAK = YES;
				CLANG_WARN_BLOCK_CAPTURE_AUTORELEASING = YES;
				CLANG_WARN_BOOL_CONVERSION = YES;
				CLANG_WARN_COMMA = YES;
				CLANG_WARN_CONSTANT_CONVERSION = YES;
				CLANG_WARN_DEPRECATED_OBJC_IMPLEMENTATIONS = YES;
				CLANG_WARN_DIRECT_OBJC_ISA_USAGE = YES_ERROR;
				CLANG_WARN_DOCUMENTATION_COMMENTS = YES;
				CLANG_WARN_EMPTY_BODY = YES;
				CLANG_WARN_ENUM_CONVERSION = YES;
				CLANG_WARN_INFINITE_RECURSION = YES;
				CLANG_WARN_INT_CONVERSION = YES;
				CLANG_WARN_NON_LITERAL_NULL_CONVERSION = YES;
				CLANG_WARN_OBJC_IMPLICIT_RETAIN_SELF = YES;
				CLANG_WARN_OBJC_LITERAL_CONVERSION = YES;
				CLANG_WARN_OBJC_ROOT_CLASS = YES_ERROR;
				CLANG_WARN_QUOTED_INCLUDE_IN_FRAMEWORK_HEADER = YES;
				CLANG_WARN_RANGE_LOOP_ANALYSIS = YES;
				CLANG_WARN_STRICT_PROTOTYPES = YES;
				CLANG_WARN_SUSPICIOUS_MOVE = YES;
				CLANG_WARN_UNGUARDED_AVAILABILITY = YES_AGGRESSIVE;
				CLANG_WARN_UNREACHABLE_CODE = YES;
				CLANG_WARN__DUPLICATE_METHOD_MATCH = YES;
				COPY_PHASE_STRIP = NO;
				DEBUG_INFORMATION_FORMAT = "dwarf-with-dsym";
				ENABLE_NS_ASSERTIONS = NO;
				ENABLE_STRICT_OBJC_MSGSEND = YES;
				GCC_C_LANGUAGE_STANDARD = gnu11;
				GCC_NO_COMMON_BLOCKS = YES;
				GCC_WARN_64_TO_32_BIT_CONVERSION = YES;
				GCC_WARN_ABOUT_RETURN_TYPE = YES_ERROR;
				GCC_WARN_UNDECLARED_SELECTOR = YES;
				GCC_WARN_UNINITIALIZED_AUTOS = YES_AGGRESSIVE;
				GCC_WARN_UNUSED_FUNCTION = YES;
				GCC_WARN_UNUSED_VARIABLE = YES;
				IPHONEOS_DEPLOYMENT_TARGET = 14.2;
				MTL_ENABLE_DEBUG_INFO = NO;
				MTL_FAST_MATH = YES;
				SDKROOT = iphoneos;
				SWIFT_COMPILATION_MODE = wholemodule;
				SWIFT_OPTIMIZATION_LEVEL = "-O";
				VALIDATE_PRODUCT = YES;
			};
			name = Release;
		};
		CB33EE1325ADD4BA00547A46 /* Debug */ = {
			isa = XCBuildConfiguration;
			buildSettings = {
				ASSETCATALOG_COMPILER_APPICON_NAME = AppIcon;
				ASSETCATALOG_COMPILER_GLOBAL_ACCENT_COLOR_NAME = AccentColor;
				CODE_SIGN_STYLE = Automatic;
				DEVELOPMENT_ASSET_PATHS = "\"AhmedCard/Preview Content\"";
				ENABLE_PREVIEWS = YES;
				INFOPLIST_FILE = AhmedCard/Info.plist;
				IPHONEOS_DEPLOYMENT_TARGET = 14.0;
				LD_RUNPATH_SEARCH_PATHS = (
					"$(inherited)",
					"@executable_path/Frameworks",
				);
				PRODUCT_BUNDLE_IDENTIFIER = com.ahmedmousa.AhmedCard;
				PRODUCT_NAME = "$(TARGET_NAME)";
				SWIFT_VERSION = 5.0;
				TARGETED_DEVICE_FAMILY = "1,2";
			};
			name = Debug;
		};
		CB33EE1425ADD4BA00547A46 /* Release */ = {
			isa = XCBuildConfiguration;
			buildSettings = {
				ASSETCATALOG_COMPILER_APPICON_NAME = AppIcon;
				ASSETCATALOG_COMPILER_GLOBAL_ACCENT_COLOR_NAME = AccentColor;
				CODE_SIGN_STYLE = Automatic;
				DEVELOPMENT_ASSET_PATHS = "\"AhmedCard/Preview Content\"";
				ENABLE_PREVIEWS = YES;
				INFOPLIST_FILE = AhmedCard/Info.plist;
				IPHONEOS_DEPLOYMENT_TARGET = 14.0;
				LD_RUNPATH_SEARCH_PATHS = (
					"$(inherited)",
					"@executable_path/Frameworks",
				);
				PRODUCT_BUNDLE_IDENTIFIER = com.ahmedmousa.AhmedCard;
				PRODUCT_NAME = "$(TARGET_NAME)";
				SWIFT_VERSION = 5.0;
				TARGETED_DEVICE_FAMILY = "1,2";
			};
			name = Release;
		};
/* End XCBuildConfiguration section */

/* Begin XCConfigurationList section */
		CB33EDFE25ADD4B800547A46 /* Build configuration list for PBXProject "Ahmed'sCard-iOS" */ = {
			isa = XCConfigurationList;
			buildConfigurations = (
				CB33EE1025ADD4BA00547A46 /* Debug */,
				CB33EE1125ADD4BA00547A46 /* Release */,
			);
			defaultConfigurationIsVisible = 0;
			defaultConfigurationName = Release;
		};
		CB33EE1225ADD4BA00547A46 /* Build configuration list for PBXNativeTarget "Ahmed'sCard-iOS" */ = {
			isa = XCConfigurationList;
			buildConfigurations = (
				CB33EE1325ADD4BA00547A46 /* Debug */,
				CB33EE1425ADD4BA00547A46 /* Release */,
			);
			defaultConfigurationIsVisible = 0;
			defaultConfigurationName = Release;
		};
/* End XCConfigurationList section */
	};
	rootObject = CB33EDFB25ADD4B800547A46 /* Project object */;
}
